
Microsoft Visual Studio Solution File, Format Version 12.00
# Visual Studio 15
VisualStudioVersion = 15.0.27428.2002
MinimumVisualStudioVersion = 10.0.40219.1
Project("{FAE04EC0-301F-11D3-BF4B-00C04F79EFBC}") = "RootNewton", "RootNewton\RootNewton.csproj", "{0239B3A8-5917-46A0-96EF-99865F832DE9}"
EndProject
Project("{FAE04EC0-301F-11D3-BF4B-00C04F79EFBC}") = "UnitTestRootNewton", "UnitTestRootNewton\UnitTestRootNewton.csproj", "{525D84E1-8996-480A-8937-AB098713779B}"
EndProject
Project("{FAE04EC0-301F-11D3-BF4B-00C04F79EFBC}") = "NUnit.TestRootNewton", "NUnit.Tests1\NUnit.TestRootNewton.csproj", "{8EDF4429-251A-416D-BB68-93F227191BCF}"
EndProject
Global
	GlobalSection(SolutionConfigurationPlatforms) = preSolution
		Debug|Any CPU = Debug|Any CPU
		Release|Any CPU = Release|Any CPU
	EndGlobalSection
	GlobalSection(ProjectConfigurationPlatforms) = postSolution
		{0239B3A8-5917-46A0-96EF-99865F832DE9}.Debug|Any CPU.ActiveCfg = Debug|Any CPU
		{0239B3A8-5917-46A0-96EF-99865F832DE9}.Debug|Any CPU.Build.0 = Debug|Any CPU
		{0239B3A8-5917-46A0-96EF-99865F832DE9}.Release|Any CPU.ActiveCfg = Release|Any CPU
		{0239B3A8-5917-46A0-96EF-99865F832DE9}.Release|Any CPU.Build.0 = Release|Any CPU
		{525D84E1-8996-480A-8937-AB098713779B}.Debug|Any CPU.ActiveCfg = Debug|Any CPU
		{525D84E1-8996-480A-8937-AB098713779B}.Debug|Any CPU.Build.0 = Debug|Any CPU
		{525D84E1-8996-480A-8937-AB098713779B}.Release|Any CPU.ActiveCfg = Release|Any CPU
		{525D84E1-8996-480A-8937-AB098713779B}.Release|Any CPU.Build.0 = Release|Any CPU
		{8EDF4429-251A-416D-BB68-93F227191BCF}.Debug|Any CPU.ActiveCfg = Debug|Any CPU
		{8EDF4429-251A-416D-BB68-93F227191BCF}.Debug|Any CPU.Build.0 = Debug|Any CPU
		{8EDF4429-251A-416D-BB68-93F227191BCF}.Release|Any CPU.ActiveCfg = Release|Any CPU
		{8EDF4429-251A-416D-BB68-93F227191BCF}.Release|Any CPU.Build.0 = Release|Any CPU
	EndGlobalSection
	GlobalSection(SolutionProperties) = preSolution
		HideSolutionNode = FALSE
	EndGlobalSection
	GlobalSection(ExtensibilityGlobals) = postSolution
		SolutionGuid = {FC8BE202-1837-43E5-A9BF-D0239E2E0A73}
	EndGlobalSection
EndGlobal
