
Microsoft Visual Studio Solution File, Format Version 12.00
# Visual Studio 15
VisualStudioVersion = 15.0.27428.2043
MinimumVisualStudioVersion = 10.0.40219.1
Project("{FAE04EC0-301F-11D3-BF4B-00C04F79EFBC}") = "Crossword", "Crossword\Crossword.csproj", "{AADFD2F8-8955-47D6-953E-F12E899FE2AB}"
EndProject
Global
	GlobalSection(SolutionConfigurationPlatforms) = preSolution
		Debug|Any CPU = Debug|Any CPU
		Release|Any CPU = Release|Any CPU
	EndGlobalSection
	GlobalSection(ProjectConfigurationPlatforms) = postSolution
		{AADFD2F8-8955-47D6-953E-F12E899FE2AB}.Debug|Any CPU.ActiveCfg = Debug|Any CPU
		{AADFD2F8-8955-47D6-953E-F12E899FE2AB}.Debug|Any CPU.Build.0 = Debug|Any CPU
		{AADFD2F8-8955-47D6-953E-F12E899FE2AB}.Release|Any CPU.ActiveCfg = Release|Any CPU
		{AADFD2F8-8955-47D6-953E-F12E899FE2AB}.Release|Any CPU.Build.0 = Release|Any CPU
	EndGlobalSection
	GlobalSection(SolutionProperties) = preSolution
		HideSolutionNode = FALSE
	EndGlobalSection
	GlobalSection(ExtensibilityGlobals) = postSolution
		SolutionGuid = {49F820AC-5990-48C5-B898-5BB71DC282F9}
	EndGlobalSection
EndGlobal
