
Microsoft Visual Studio Solution File, Format Version 12.00
# Visual Studio 15
VisualStudioVersion = 15.0.27428.2002
MinimumVisualStudioVersion = 10.0.40219.1
Project("{FAE04EC0-301F-11D3-BF4B-00C04F79EFBC}") = "ConvertToBinary", "ConvertToBinary\ConvertToBinary.csproj", "{C8F75399-0C13-4C96-BDEB-FAF1F4ECBF9C}"
EndProject
Project("{FAE04EC0-301F-11D3-BF4B-00C04F79EFBC}") = "UnitTestProject1", "UnitTestProject1\UnitTestProject1.csproj", "{5E8AEC8E-623E-4EA5-9FF3-8FAD153A367B}"
EndProject
Global
	GlobalSection(SolutionConfigurationPlatforms) = preSolution
		Debug|Any CPU = Debug|Any CPU
		Release|Any CPU = Release|Any CPU
	EndGlobalSection
	GlobalSection(ProjectConfigurationPlatforms) = postSolution
		{C8F75399-0C13-4C96-BDEB-FAF1F4ECBF9C}.Debug|Any CPU.ActiveCfg = Debug|Any CPU
		{C8F75399-0C13-4C96-BDEB-FAF1F4ECBF9C}.Debug|Any CPU.Build.0 = Debug|Any CPU
		{C8F75399-0C13-4C96-BDEB-FAF1F4ECBF9C}.Release|Any CPU.ActiveCfg = Release|Any CPU
		{C8F75399-0C13-4C96-BDEB-FAF1F4ECBF9C}.Release|Any CPU.Build.0 = Release|Any CPU
		{5E8AEC8E-623E-4EA5-9FF3-8FAD153A367B}.Debug|Any CPU.ActiveCfg = Debug|Any CPU
		{5E8AEC8E-623E-4EA5-9FF3-8FAD153A367B}.Debug|Any CPU.Build.0 = Debug|Any CPU
		{5E8AEC8E-623E-4EA5-9FF3-8FAD153A367B}.Release|Any CPU.ActiveCfg = Release|Any CPU
		{5E8AEC8E-623E-4EA5-9FF3-8FAD153A367B}.Release|Any CPU.Build.0 = Release|Any CPU
	EndGlobalSection
	GlobalSection(SolutionProperties) = preSolution
		HideSolutionNode = FALSE
	EndGlobalSection
	GlobalSection(ExtensibilityGlobals) = postSolution
		SolutionGuid = {28FDD225-039A-4AFA-89E4-3D9C7091B0C2}
	EndGlobalSection
EndGlobal
