
Microsoft Visual Studio Solution File, Format Version 12.00
# Visual Studio 15
VisualStudioVersion = 15.0.27428.2002
MinimumVisualStudioVersion = 10.0.40219.1
Project("{FAE04EC0-301F-11D3-BF4B-00C04F79EFBC}") = "Matrixes", "Matrixes\Matrixes.csproj", "{D487555F-BAAD-4EA2-8347-C012A138EA9A}"
EndProject
Global
	GlobalSection(SolutionConfigurationPlatforms) = preSolution
		Debug|Any CPU = Debug|Any CPU
		Release|Any CPU = Release|Any CPU
	EndGlobalSection
	GlobalSection(ProjectConfigurationPlatforms) = postSolution
		{D487555F-BAAD-4EA2-8347-C012A138EA9A}.Debug|Any CPU.ActiveCfg = Debug|Any CPU
		{D487555F-BAAD-4EA2-8347-C012A138EA9A}.Debug|Any CPU.Build.0 = Debug|Any CPU
		{D487555F-BAAD-4EA2-8347-C012A138EA9A}.Release|Any CPU.ActiveCfg = Release|Any CPU
		{D487555F-BAAD-4EA2-8347-C012A138EA9A}.Release|Any CPU.Build.0 = Release|Any CPU
	EndGlobalSection
	GlobalSection(SolutionProperties) = preSolution
		HideSolutionNode = FALSE
	EndGlobalSection
	GlobalSection(ExtensibilityGlobals) = postSolution
		SolutionGuid = {66394FD1-D71F-424B-8C9B-370AA04052B4}
	EndGlobalSection
EndGlobal
