
Microsoft Visual Studio Solution File, Format Version 12.00
# Visual Studio 15
VisualStudioVersion = 15.0.27428.2002
MinimumVisualStudioVersion = 10.0.40219.1
Project("{FAE04EC0-301F-11D3-BF4B-00C04F79EFBC}") = "BitInsert", "Insert\BitInsert.csproj", "{9CAC4AB1-016B-47BE-B50E-97E5AED3E655}"
EndProject
Project("{FAE04EC0-301F-11D3-BF4B-00C04F79EFBC}") = "TestBitInsert", "TestBitInsert\TestBitInsert.csproj", "{B4FA5060-A350-405A-86D0-6BE7F287FC6D}"
EndProject
Global
	GlobalSection(SolutionConfigurationPlatforms) = preSolution
		Debug|Any CPU = Debug|Any CPU
		Release|Any CPU = Release|Any CPU
	EndGlobalSection
	GlobalSection(ProjectConfigurationPlatforms) = postSolution
		{9CAC4AB1-016B-47BE-B50E-97E5AED3E655}.Debug|Any CPU.ActiveCfg = Debug|Any CPU
		{9CAC4AB1-016B-47BE-B50E-97E5AED3E655}.Debug|Any CPU.Build.0 = Debug|Any CPU
		{9CAC4AB1-016B-47BE-B50E-97E5AED3E655}.Release|Any CPU.ActiveCfg = Release|Any CPU
		{9CAC4AB1-016B-47BE-B50E-97E5AED3E655}.Release|Any CPU.Build.0 = Release|Any CPU
		{B4FA5060-A350-405A-86D0-6BE7F287FC6D}.Debug|Any CPU.ActiveCfg = Debug|Any CPU
		{B4FA5060-A350-405A-86D0-6BE7F287FC6D}.Debug|Any CPU.Build.0 = Debug|Any CPU
		{B4FA5060-A350-405A-86D0-6BE7F287FC6D}.Release|Any CPU.ActiveCfg = Release|Any CPU
		{B4FA5060-A350-405A-86D0-6BE7F287FC6D}.Release|Any CPU.Build.0 = Release|Any CPU
	EndGlobalSection
	GlobalSection(SolutionProperties) = preSolution
		HideSolutionNode = FALSE
	EndGlobalSection
	GlobalSection(ExtensibilityGlobals) = postSolution
		SolutionGuid = {BFD0F0C2-B719-4804-BD5A-613F2B60D86E}
	EndGlobalSection
EndGlobal
