
Microsoft Visual Studio Solution File, Format Version 12.00
# Visual Studio 15
VisualStudioVersion = 15.0.27428.2002
MinimumVisualStudioVersion = 10.0.40219.1
Project("{FAE04EC0-301F-11D3-BF4B-00C04F79EFBC}") = "BinarySearcher", "BinarySearcher\BinarySearcher.csproj", "{3A132884-6970-4D0C-8BB6-203BCF2FCDD2}"
EndProject
Global
	GlobalSection(SolutionConfigurationPlatforms) = preSolution
		Debug|Any CPU = Debug|Any CPU
		Release|Any CPU = Release|Any CPU
	EndGlobalSection
	GlobalSection(ProjectConfigurationPlatforms) = postSolution
		{3A132884-6970-4D0C-8BB6-203BCF2FCDD2}.Debug|Any CPU.ActiveCfg = Debug|Any CPU
		{3A132884-6970-4D0C-8BB6-203BCF2FCDD2}.Debug|Any CPU.Build.0 = Debug|Any CPU
		{3A132884-6970-4D0C-8BB6-203BCF2FCDD2}.Release|Any CPU.ActiveCfg = Release|Any CPU
		{3A132884-6970-4D0C-8BB6-203BCF2FCDD2}.Release|Any CPU.Build.0 = Release|Any CPU
	EndGlobalSection
	GlobalSection(SolutionProperties) = preSolution
		HideSolutionNode = FALSE
	EndGlobalSection
	GlobalSection(ExtensibilityGlobals) = postSolution
		SolutionGuid = {A2E3C6C1-2E8A-4C47-B034-6F87BF32F470}
	EndGlobalSection
EndGlobal
